
Microsoft Visual Studio Solution File, Format Version 12.00
# Visual Studio 15
VisualStudioVersion = 15.0.28307.902
MinimumVisualStudioVersion = 10.0.40219.1
Project("{FAE04EC0-301F-11D3-BF4B-00C04F79EFBC}") = "NWT", "NWT\NWT.csproj", "{387012F8-F2D6-44DD-9B3E-EF38E765C89C}"
EndProject
Global
	GlobalSection(SolutionConfigurationPlatforms) = preSolution
		Debug|Any CPU = Debug|Any CPU
		Release|Any CPU = Release|Any CPU
	EndGlobalSection
	GlobalSection(ProjectConfigurationPlatforms) = postSolution
		{387012F8-F2D6-44DD-9B3E-EF38E765C89C}.Debug|Any CPU.ActiveCfg = Debug|Any CPU
		{387012F8-F2D6-44DD-9B3E-EF38E765C89C}.Debug|Any CPU.Build.0 = Debug|Any CPU
		{387012F8-F2D6-44DD-9B3E-EF38E765C89C}.Release|Any CPU.ActiveCfg = Release|Any CPU
		{387012F8-F2D6-44DD-9B3E-EF38E765C89C}.Release|Any CPU.Build.0 = Release|Any CPU
	EndGlobalSection
	GlobalSection(SolutionProperties) = preSolution
		HideSolutionNode = FALSE
	EndGlobalSection
	GlobalSection(ExtensibilityGlobals) = postSolution
		SolutionGuid = {72D001AF-C8E1-4A23-B394-845117FD7D11}
	EndGlobalSection
EndGlobal
